
Microsoft Visual Studio Solution File, Format Version 12.00
# Visual Studio Version 17
VisualStudioVersion = 17.1.32319.34
MinimumVisualStudioVersion = 10.0.40219.1
Project("{FAE04EC0-301F-11D3-BF4B-00C04F79EFBC}") = "OpticalCharacterRecognition", "OpticalCharacterRecognition\OpticalCharacterRecognition.csproj", "{8FCE71A9-0EC8-47E1-A0B0-14007DA93116}"
EndProject
Global
	GlobalSection(SolutionConfigurationPlatforms) = preSolution
		Debug|Any CPU = Debug|Any CPU
		Release|Any CPU = Release|Any CPU
	EndGlobalSection
	GlobalSection(ProjectConfigurationPlatforms) = postSolution
		{8FCE71A9-0EC8-47E1-A0B0-14007DA93116}.Debug|Any CPU.ActiveCfg = Debug|Any CPU
		{8FCE71A9-0EC8-47E1-A0B0-14007DA93116}.Debug|Any CPU.Build.0 = Debug|Any CPU
		{8FCE71A9-0EC8-47E1-A0B0-14007DA93116}.Release|Any CPU.ActiveCfg = Release|Any CPU
		{8FCE71A9-0EC8-47E1-A0B0-14007DA93116}.Release|Any CPU.Build.0 = Release|Any CPU
	EndGlobalSection
	GlobalSection(SolutionProperties) = preSolution
		HideSolutionNode = FALSE
	EndGlobalSection
	GlobalSection(ExtensibilityGlobals) = postSolution
		SolutionGuid = {56807515-3224-463E-A8DD-7D0A7704898D}
	EndGlobalSection
EndGlobal
